
Microsoft Visual Studio Solution File, Format Version 12.00
# Visual Studio Version 16
VisualStudioVersion = 16.0.31313.79
MinimumVisualStudioVersion = 10.0.40219.1
Project("{8BC9CEB8-8B4A-11D0-8D11-00A0C91BC942}") = "RSBandCalc", "RSBandCalc\RSBandCalc.vcxproj", "{4A057F11-674C-4897-92FC-FB63A4A5DAF5}"
EndProject
Global
	GlobalSection(SolutionConfigurationPlatforms) = preSolution
		Debug|x64 = Debug|x64
		Debug|x86 = Debug|x86
		Release|x64 = Release|x64
		Release|x86 = Release|x86
	EndGlobalSection
	GlobalSection(ProjectConfigurationPlatforms) = postSolution
		{4A057F11-674C-4897-92FC-FB63A4A5DAF5}.Debug|x64.ActiveCfg = Debug|x64
		{4A057F11-674C-4897-92FC-FB63A4A5DAF5}.Debug|x64.Build.0 = Debug|x64
		{4A057F11-674C-4897-92FC-FB63A4A5DAF5}.Debug|x86.ActiveCfg = Debug|Win32
		{4A057F11-674C-4897-92FC-FB63A4A5DAF5}.Debug|x86.Build.0 = Debug|Win32
		{4A057F11-674C-4897-92FC-FB63A4A5DAF5}.Release|x64.ActiveCfg = Release|x64
		{4A057F11-674C-4897-92FC-FB63A4A5DAF5}.Release|x64.Build.0 = Release|x64
		{4A057F11-674C-4897-92FC-FB63A4A5DAF5}.Release|x86.ActiveCfg = Release|Win32
		{4A057F11-674C-4897-92FC-FB63A4A5DAF5}.Release|x86.Build.0 = Release|Win32
	EndGlobalSection
	GlobalSection(SolutionProperties) = preSolution
		HideSolutionNode = FALSE
	EndGlobalSection
	GlobalSection(ExtensibilityGlobals) = postSolution
		SolutionGuid = {74A1349C-5180-4E09-B8BC-9934D1ACE8B7}
	EndGlobalSection
EndGlobal
